
Microsoft Visual Studio Solution File, Format Version 12.00
# Visual Studio Version 16
VisualStudioVersion = 16.0.29810.221
MinimumVisualStudioVersion = 10.0.40219.1
Project("{9A19103F-16F7-4668-BE54-9A1E7A4F7556}") = "MySportsFeeds.NetCore.IntegrationTests", "MySportsFeeds.NetCore.Tests\MySportsFeeds.NetCore.IntegrationTests.csproj", "{F3B422DD-3BE3-47DA-BBA9-2847DBEEBE23}"
EndProject
Project("{FAE04EC0-301F-11D3-BF4B-00C04F79EFBC}") = "MySportsFeeds.NFL", "MySportsFeeds.NFL\MySportsFeeds.NFL.csproj", "{1699E3D3-2245-477A-AA47-A53B18759F6A}"
EndProject
Global
	GlobalSection(SolutionConfigurationPlatforms) = preSolution
		Debug|Any CPU = Debug|Any CPU
		Release|Any CPU = Release|Any CPU
	EndGlobalSection
	GlobalSection(ProjectConfigurationPlatforms) = postSolution
		{F3B422DD-3BE3-47DA-BBA9-2847DBEEBE23}.Debug|Any CPU.ActiveCfg = Debug|Any CPU
		{F3B422DD-3BE3-47DA-BBA9-2847DBEEBE23}.Debug|Any CPU.Build.0 = Debug|Any CPU
		{F3B422DD-3BE3-47DA-BBA9-2847DBEEBE23}.Release|Any CPU.ActiveCfg = Release|Any CPU
		{F3B422DD-3BE3-47DA-BBA9-2847DBEEBE23}.Release|Any CPU.Build.0 = Release|Any CPU
		{1699E3D3-2245-477A-AA47-A53B18759F6A}.Debug|Any CPU.ActiveCfg = Debug|Any CPU
		{1699E3D3-2245-477A-AA47-A53B18759F6A}.Debug|Any CPU.Build.0 = Debug|Any CPU
		{1699E3D3-2245-477A-AA47-A53B18759F6A}.Release|Any CPU.ActiveCfg = Release|Any CPU
		{1699E3D3-2245-477A-AA47-A53B18759F6A}.Release|Any CPU.Build.0 = Release|Any CPU
	EndGlobalSection
	GlobalSection(SolutionProperties) = preSolution
		HideSolutionNode = FALSE
	EndGlobalSection
	GlobalSection(ExtensibilityGlobals) = postSolution
		SolutionGuid = {6014F587-F6D5-411A-957E-66EC9FDBF816}
	EndGlobalSection
EndGlobal
